
Microsoft Visual Studio Solution File, Format Version 12.00
# Visual Studio Version 17
VisualStudioVersion = 17.6.33815.320
MinimumVisualStudioVersion = 10.0.40219.1
Project("{9A19103F-16F7-4668-BE54-9A1E7A4F7556}") = "Server", "Server\Server.csproj", "{CEF83C3A-7E8A-4934-8854-DF00305C4711}"
EndProject
Project("{9A19103F-16F7-4668-BE54-9A1E7A4F7556}") = "Client", "Client\Client.csproj", "{AD9DA884-0A63-44A8-819B-ED37B84BF2CE}"
EndProject
Project("{2150E333-8FDC-42A3-9474-1A3956D46DE8}") = "Xceed", "Xceed", "{15CE3052-0BD0-45AE-85FC-A323027BC029}"
EndProject
Project("{FAE04EC0-301F-11D3-BF4B-00C04F79EFBC}") = "Xceed.Wpf.Toolkit", "Xceed\Xceed.Wpf.Toolkit\Xceed.Wpf.Toolkit.csproj", "{72E591D6-8F83-4D8C-8F67-9C325E623234}"
EndProject
Project("{FAE04EC0-301F-11D3-BF4B-00C04F79EFBC}") = "Xceed.Wpf.AvalonDock", "Xceed\Xceed.Wpf.AvalonDock\Xceed.Wpf.AvalonDock.csproj", "{DB81988F-E0F2-45A0-A1FD-8C37F3D35244}"
EndProject
Project("{2150E333-8FDC-42A3-9474-1A3956D46DE8}") = "Themes", "Themes", "{3784A6E0-8592-45DA-9558-4CA82BFE5A8C}"
EndProject
Project("{FAE04EC0-301F-11D3-BF4B-00C04F79EFBC}") = "Xceed.Wpf.AvalonDock.Themes.Aero", "Xceed\Xceed.Wpf.AvalonDock.Themes.Aero\Xceed.Wpf.AvalonDock.Themes.Aero.csproj", "{BA72CCE0-A9FB-4995-B496-7FEC5C87B85B}"
EndProject
Project("{FAE04EC0-301F-11D3-BF4B-00C04F79EFBC}") = "Xceed.Wpf.AvalonDock.Themes.Metro", "Xceed\Xceed.Wpf.AvalonDock.Themes.Metro\Xceed.Wpf.AvalonDock.Themes.Metro.csproj", "{89286EB4-B4A1-418C-839A-067B00F442D8}"
EndProject
Project("{FAE04EC0-301F-11D3-BF4B-00C04F79EFBC}") = "Xceed.Wpf.AvalonDock.Themes.VS2010", "Xceed\Xceed.Wpf.AvalonDock.Themes.VS2010\Xceed.Wpf.AvalonDock.Themes.VS2010.csproj", "{B3FC3E21-5F2D-4581-AEA2-59F671CFFC21}"
EndProject
Project("{9A19103F-16F7-4668-BE54-9A1E7A4F7556}") = "PLT1", "PLT1\PLT1.csproj", "{2CFEEB26-B132-413B-9BED-030EBD714949}"
EndProject
Project("{FAE04EC0-301F-11D3-BF4B-00C04F79EFBC}") = "Edge", "Edge\Edge.csproj", "{FBDC5EAD-3127-4A59-AC77-AD40CBCE186D}"
	ProjectSection(ProjectDependencies) = postProject
		{CEF83C3A-7E8A-4934-8854-DF00305C4711} = {CEF83C3A-7E8A-4934-8854-DF00305C4711}
	EndProjectSection
EndProject
Global
	GlobalSection(SolutionConfigurationPlatforms) = preSolution
		Debug|Any CPU = Debug|Any CPU
		Debug|x64 = Debug|x64
		Release|Any CPU = Release|Any CPU
		Release|x64 = Release|x64
	EndGlobalSection
	GlobalSection(ProjectConfigurationPlatforms) = postSolution
		{CEF83C3A-7E8A-4934-8854-DF00305C4711}.Debug|Any CPU.ActiveCfg = Debug|Any CPU
		{CEF83C3A-7E8A-4934-8854-DF00305C4711}.Debug|Any CPU.Build.0 = Debug|Any CPU
		{CEF83C3A-7E8A-4934-8854-DF00305C4711}.Debug|x64.ActiveCfg = Debug|Any CPU
		{CEF83C3A-7E8A-4934-8854-DF00305C4711}.Debug|x64.Build.0 = Debug|Any CPU
		{CEF83C3A-7E8A-4934-8854-DF00305C4711}.Release|Any CPU.ActiveCfg = Release|Any CPU
		{CEF83C3A-7E8A-4934-8854-DF00305C4711}.Release|Any CPU.Build.0 = Release|Any CPU
		{CEF83C3A-7E8A-4934-8854-DF00305C4711}.Release|x64.ActiveCfg = Release|Any CPU
		{CEF83C3A-7E8A-4934-8854-DF00305C4711}.Release|x64.Build.0 = Release|Any CPU
		{AD9DA884-0A63-44A8-819B-ED37B84BF2CE}.Debug|Any CPU.ActiveCfg = Debug|Any CPU
		{AD9DA884-0A63-44A8-819B-ED37B84BF2CE}.Debug|Any CPU.Build.0 = Debug|Any CPU
		{AD9DA884-0A63-44A8-819B-ED37B84BF2CE}.Debug|x64.ActiveCfg = Debug|x64
		{AD9DA884-0A63-44A8-819B-ED37B84BF2CE}.Debug|x64.Build.0 = Debug|x64
		{AD9DA884-0A63-44A8-819B-ED37B84BF2CE}.Release|Any CPU.ActiveCfg = Release|Any CPU
		{AD9DA884-0A63-44A8-819B-ED37B84BF2CE}.Release|Any CPU.Build.0 = Release|Any CPU
		{AD9DA884-0A63-44A8-819B-ED37B84BF2CE}.Release|x64.ActiveCfg = Release|x64
		{AD9DA884-0A63-44A8-819B-ED37B84BF2CE}.Release|x64.Build.0 = Release|x64
		{72E591D6-8F83-4D8C-8F67-9C325E623234}.Debug|Any CPU.ActiveCfg = Debug|Any CPU
		{72E591D6-8F83-4D8C-8F67-9C325E623234}.Debug|Any CPU.Build.0 = Debug|Any CPU
		{72E591D6-8F83-4D8C-8F67-9C325E623234}.Debug|x64.ActiveCfg = Debug|Any CPU
		{72E591D6-8F83-4D8C-8F67-9C325E623234}.Debug|x64.Build.0 = Debug|Any CPU
		{72E591D6-8F83-4D8C-8F67-9C325E623234}.Release|Any CPU.ActiveCfg = Release|Any CPU
		{72E591D6-8F83-4D8C-8F67-9C325E623234}.Release|Any CPU.Build.0 = Release|Any CPU
		{72E591D6-8F83-4D8C-8F67-9C325E623234}.Release|x64.ActiveCfg = Release|Any CPU
		{72E591D6-8F83-4D8C-8F67-9C325E623234}.Release|x64.Build.0 = Release|Any CPU
		{DB81988F-E0F2-45A0-A1FD-8C37F3D35244}.Debug|Any CPU.ActiveCfg = Debug|Any CPU
		{DB81988F-E0F2-45A0-A1FD-8C37F3D35244}.Debug|Any CPU.Build.0 = Debug|Any CPU
		{DB81988F-E0F2-45A0-A1FD-8C37F3D35244}.Debug|x64.ActiveCfg = Debug|Any CPU
		{DB81988F-E0F2-45A0-A1FD-8C37F3D35244}.Debug|x64.Build.0 = Debug|Any CPU
		{DB81988F-E0F2-45A0-A1FD-8C37F3D35244}.Release|Any CPU.ActiveCfg = Release|Any CPU
		{DB81988F-E0F2-45A0-A1FD-8C37F3D35244}.Release|Any CPU.Build.0 = Release|Any CPU
		{DB81988F-E0F2-45A0-A1FD-8C37F3D35244}.Release|x64.ActiveCfg = Release|Any CPU
		{DB81988F-E0F2-45A0-A1FD-8C37F3D35244}.Release|x64.Build.0 = Release|Any CPU
		{BA72CCE0-A9FB-4995-B496-7FEC5C87B85B}.Debug|Any CPU.ActiveCfg = Debug|Any CPU
		{BA72CCE0-A9FB-4995-B496-7FEC5C87B85B}.Debug|Any CPU.Build.0 = Debug|Any CPU
		{BA72CCE0-A9FB-4995-B496-7FEC5C87B85B}.Debug|x64.ActiveCfg = Debug|Any CPU
		{BA72CCE0-A9FB-4995-B496-7FEC5C87B85B}.Debug|x64.Build.0 = Debug|Any CPU
		{BA72CCE0-A9FB-4995-B496-7FEC5C87B85B}.Release|Any CPU.ActiveCfg = Release|Any CPU
		{BA72CCE0-A9FB-4995-B496-7FEC5C87B85B}.Release|Any CPU.Build.0 = Release|Any CPU
		{BA72CCE0-A9FB-4995-B496-7FEC5C87B85B}.Release|x64.ActiveCfg = Release|Any CPU
		{BA72CCE0-A9FB-4995-B496-7FEC5C87B85B}.Release|x64.Build.0 = Release|Any CPU
		{89286EB4-B4A1-418C-839A-067B00F442D8}.Debug|Any CPU.ActiveCfg = Debug|Any CPU
		{89286EB4-B4A1-418C-839A-067B00F442D8}.Debug|Any CPU.Build.0 = Debug|Any CPU
		{89286EB4-B4A1-418C-839A-067B00F442D8}.Debug|x64.ActiveCfg = Debug|Any CPU
		{89286EB4-B4A1-418C-839A-067B00F442D8}.Debug|x64.Build.0 = Debug|Any CPU
		{89286EB4-B4A1-418C-839A-067B00F442D8}.Release|Any CPU.ActiveCfg = Release|Any CPU
		{89286EB4-B4A1-418C-839A-067B00F442D8}.Release|Any CPU.Build.0 = Release|Any CPU
		{89286EB4-B4A1-418C-839A-067B00F442D8}.Release|x64.ActiveCfg = Release|Any CPU
		{89286EB4-B4A1-418C-839A-067B00F442D8}.Release|x64.Build.0 = Release|Any CPU
		{B3FC3E21-5F2D-4581-AEA2-59F671CFFC21}.Debug|Any CPU.ActiveCfg = Debug|Any CPU
		{B3FC3E21-5F2D-4581-AEA2-59F671CFFC21}.Debug|Any CPU.Build.0 = Debug|Any CPU
		{B3FC3E21-5F2D-4581-AEA2-59F671CFFC21}.Debug|x64.ActiveCfg = Debug|Any CPU
		{B3FC3E21-5F2D-4581-AEA2-59F671CFFC21}.Debug|x64.Build.0 = Debug|Any CPU
		{B3FC3E21-5F2D-4581-AEA2-59F671CFFC21}.Release|Any CPU.ActiveCfg = Release|Any CPU
		{B3FC3E21-5F2D-4581-AEA2-59F671CFFC21}.Release|Any CPU.Build.0 = Release|Any CPU
		{B3FC3E21-5F2D-4581-AEA2-59F671CFFC21}.Release|x64.ActiveCfg = Release|Any CPU
		{B3FC3E21-5F2D-4581-AEA2-59F671CFFC21}.Release|x64.Build.0 = Release|Any CPU
		{2CFEEB26-B132-413B-9BED-030EBD714949}.Debug|Any CPU.ActiveCfg = Debug|Any CPU
		{2CFEEB26-B132-413B-9BED-030EBD714949}.Debug|Any CPU.Build.0 = Debug|Any CPU
		{2CFEEB26-B132-413B-9BED-030EBD714949}.Debug|x64.ActiveCfg = Debug|Any CPU
		{2CFEEB26-B132-413B-9BED-030EBD714949}.Debug|x64.Build.0 = Debug|Any CPU
		{2CFEEB26-B132-413B-9BED-030EBD714949}.Release|Any CPU.ActiveCfg = Release|Any CPU
		{2CFEEB26-B132-413B-9BED-030EBD714949}.Release|Any CPU.Build.0 = Release|Any CPU
		{2CFEEB26-B132-413B-9BED-030EBD714949}.Release|x64.ActiveCfg = Release|Any CPU
		{2CFEEB26-B132-413B-9BED-030EBD714949}.Release|x64.Build.0 = Release|Any CPU
		{FBDC5EAD-3127-4A59-AC77-AD40CBCE186D}.Debug|Any CPU.ActiveCfg = Debug|Any CPU
		{FBDC5EAD-3127-4A59-AC77-AD40CBCE186D}.Debug|Any CPU.Build.0 = Debug|Any CPU
		{FBDC5EAD-3127-4A59-AC77-AD40CBCE186D}.Debug|x64.ActiveCfg = Debug|Any CPU
		{FBDC5EAD-3127-4A59-AC77-AD40CBCE186D}.Debug|x64.Build.0 = Debug|Any CPU
		{FBDC5EAD-3127-4A59-AC77-AD40CBCE186D}.Release|Any CPU.ActiveCfg = Release|Any CPU
		{FBDC5EAD-3127-4A59-AC77-AD40CBCE186D}.Release|Any CPU.Build.0 = Release|Any CPU
		{FBDC5EAD-3127-4A59-AC77-AD40CBCE186D}.Release|x64.ActiveCfg = Release|Any CPU
		{FBDC5EAD-3127-4A59-AC77-AD40CBCE186D}.Release|x64.Build.0 = Release|Any CPU
	EndGlobalSection
	GlobalSection(SolutionProperties) = preSolution
		HideSolutionNode = FALSE
	EndGlobalSection
	GlobalSection(NestedProjects) = preSolution
		{72E591D6-8F83-4D8C-8F67-9C325E623234} = {15CE3052-0BD0-45AE-85FC-A323027BC029}
		{DB81988F-E0F2-45A0-A1FD-8C37F3D35244} = {15CE3052-0BD0-45AE-85FC-A323027BC029}
		{3784A6E0-8592-45DA-9558-4CA82BFE5A8C} = {15CE3052-0BD0-45AE-85FC-A323027BC029}
		{BA72CCE0-A9FB-4995-B496-7FEC5C87B85B} = {3784A6E0-8592-45DA-9558-4CA82BFE5A8C}
		{89286EB4-B4A1-418C-839A-067B00F442D8} = {3784A6E0-8592-45DA-9558-4CA82BFE5A8C}
		{B3FC3E21-5F2D-4581-AEA2-59F671CFFC21} = {3784A6E0-8592-45DA-9558-4CA82BFE5A8C}
	EndGlobalSection
	GlobalSection(ExtensibilityGlobals) = postSolution
		SolutionGuid = {26F9F286-4C3E-4F0B-9004-C0410B8C2ECF}
	EndGlobalSection
EndGlobal
